
Microsoft Visual Studio Solution File, Format Version 12.00
# Visual Studio Version 16
VisualStudioVersion = 16.0.30517.126
MinimumVisualStudioVersion = 10.0.40219.1
Project("{8BC9CEB8-8B4A-11D0-8D11-00A0C91BC942}") = "Game_Window", "Game_Window\Game_Window.vcxproj", "{FFA7DC5D-7F6E-4842-8399-600625A90F75}"
EndProject
Project("{8BC9CEB8-8B4A-11D0-8D11-00A0C91BC942}") = "Load_Bitmap_test", "Load_Bitmap_test\Load_Bitmap_test.vcxproj", "{D260D590-DA77-47F2-82B5-24A229AB9312}"
EndProject
Project("{8BC9CEB8-8B4A-11D0-8D11-00A0C91BC942}") = "Load_sprite", "Load_sprite\Load_sprite.vcxproj", "{7F40DCA3-03B3-4256-BAD0-2F351D975514}"
EndProject
Project("{8BC9CEB8-8B4A-11D0-8D11-00A0C91BC942}") = "Trans_Sprite", "Trans_Sprite\Trans_Sprite.vcxproj", "{5E363F74-6C95-42AF-9A3A-00262BB5F7AA}"
EndProject
Project("{8BC9CEB8-8B4A-11D0-8D11-00A0C91BC942}") = "Tyled_Sprite", "Tyled_Sprite\Tyled_Sprite.vcxproj", "{6B55CE51-8EF1-4F1D-9BED-96BA977A60A5}"
EndProject
Global
	GlobalSection(SolutionConfigurationPlatforms) = preSolution
		Debug|x64 = Debug|x64
		Debug|x86 = Debug|x86
		Release|x64 = Release|x64
		Release|x86 = Release|x86
	EndGlobalSection
	GlobalSection(ProjectConfigurationPlatforms) = postSolution
		{FFA7DC5D-7F6E-4842-8399-600625A90F75}.Debug|x64.ActiveCfg = Debug|x64
		{FFA7DC5D-7F6E-4842-8399-600625A90F75}.Debug|x64.Build.0 = Debug|x64
		{FFA7DC5D-7F6E-4842-8399-600625A90F75}.Debug|x86.ActiveCfg = Debug|Win32
		{FFA7DC5D-7F6E-4842-8399-600625A90F75}.Debug|x86.Build.0 = Debug|Win32
		{FFA7DC5D-7F6E-4842-8399-600625A90F75}.Release|x64.ActiveCfg = Release|x64
		{FFA7DC5D-7F6E-4842-8399-600625A90F75}.Release|x64.Build.0 = Release|x64
		{FFA7DC5D-7F6E-4842-8399-600625A90F75}.Release|x86.ActiveCfg = Release|Win32
		{FFA7DC5D-7F6E-4842-8399-600625A90F75}.Release|x86.Build.0 = Release|Win32
		{D260D590-DA77-47F2-82B5-24A229AB9312}.Debug|x64.ActiveCfg = Debug|x64
		{D260D590-DA77-47F2-82B5-24A229AB9312}.Debug|x64.Build.0 = Debug|x64
		{D260D590-DA77-47F2-82B5-24A229AB9312}.Debug|x86.ActiveCfg = Debug|Win32
		{D260D590-DA77-47F2-82B5-24A229AB9312}.Debug|x86.Build.0 = Debug|Win32
		{D260D590-DA77-47F2-82B5-24A229AB9312}.Release|x64.ActiveCfg = Release|x64
		{D260D590-DA77-47F2-82B5-24A229AB9312}.Release|x64.Build.0 = Release|x64
		{D260D590-DA77-47F2-82B5-24A229AB9312}.Release|x86.ActiveCfg = Release|Win32
		{D260D590-DA77-47F2-82B5-24A229AB9312}.Release|x86.Build.0 = Release|Win32
		{7F40DCA3-03B3-4256-BAD0-2F351D975514}.Debug|x64.ActiveCfg = Debug|x64
		{7F40DCA3-03B3-4256-BAD0-2F351D975514}.Debug|x64.Build.0 = Debug|x64
		{7F40DCA3-03B3-4256-BAD0-2F351D975514}.Debug|x86.ActiveCfg = Debug|Win32
		{7F40DCA3-03B3-4256-BAD0-2F351D975514}.Debug|x86.Build.0 = Debug|Win32
		{7F40DCA3-03B3-4256-BAD0-2F351D975514}.Release|x64.ActiveCfg = Release|x64
		{7F40DCA3-03B3-4256-BAD0-2F351D975514}.Release|x64.Build.0 = Release|x64
		{7F40DCA3-03B3-4256-BAD0-2F351D975514}.Release|x86.ActiveCfg = Release|Win32
		{7F40DCA3-03B3-4256-BAD0-2F351D975514}.Release|x86.Build.0 = Release|Win32
		{5E363F74-6C95-42AF-9A3A-00262BB5F7AA}.Debug|x64.ActiveCfg = Debug|x64
		{5E363F74-6C95-42AF-9A3A-00262BB5F7AA}.Debug|x64.Build.0 = Debug|x64
		{5E363F74-6C95-42AF-9A3A-00262BB5F7AA}.Debug|x86.ActiveCfg = Debug|Win32
		{5E363F74-6C95-42AF-9A3A-00262BB5F7AA}.Debug|x86.Build.0 = Debug|Win32
		{5E363F74-6C95-42AF-9A3A-00262BB5F7AA}.Release|x64.ActiveCfg = Release|x64
		{5E363F74-6C95-42AF-9A3A-00262BB5F7AA}.Release|x64.Build.0 = Release|x64
		{5E363F74-6C95-42AF-9A3A-00262BB5F7AA}.Release|x86.ActiveCfg = Release|Win32
		{5E363F74-6C95-42AF-9A3A-00262BB5F7AA}.Release|x86.Build.0 = Release|Win32
		{6B55CE51-8EF1-4F1D-9BED-96BA977A60A5}.Debug|x64.ActiveCfg = Debug|x64
		{6B55CE51-8EF1-4F1D-9BED-96BA977A60A5}.Debug|x64.Build.0 = Debug|x64
		{6B55CE51-8EF1-4F1D-9BED-96BA977A60A5}.Debug|x86.ActiveCfg = Debug|Win32
		{6B55CE51-8EF1-4F1D-9BED-96BA977A60A5}.Debug|x86.Build.0 = Debug|Win32
		{6B55CE51-8EF1-4F1D-9BED-96BA977A60A5}.Release|x64.ActiveCfg = Release|x64
		{6B55CE51-8EF1-4F1D-9BED-96BA977A60A5}.Release|x64.Build.0 = Release|x64
		{6B55CE51-8EF1-4F1D-9BED-96BA977A60A5}.Release|x86.ActiveCfg = Release|Win32
		{6B55CE51-8EF1-4F1D-9BED-96BA977A60A5}.Release|x86.Build.0 = Release|Win32
	EndGlobalSection
	GlobalSection(SolutionProperties) = preSolution
		HideSolutionNode = FALSE
	EndGlobalSection
	GlobalSection(ExtensibilityGlobals) = postSolution
		SolutionGuid = {40F06A95-B812-49C1-8584-23AB8B957454}
	EndGlobalSection
EndGlobal
